{
  "name": "projekt1",
  "version": "1.0.0",
  "lockfileVersion": 1,
  "requires": true,
  "dependencies": {
    "cenzura": {
      "version": "file:../cenzura/cenzura-0.0.1.tgz",
      "integrity": "sha512-8It3EDCLdhSua7PHFbO7Yw/zSXbWT5JM0MU1U1qXmTRjqW/j4vpilmy8IW3VOVdZtPpcOoMEsXN9jFrqN8DYeg=="
    }
  }
}
