
Microsoft Visual Studio Solution File, Format Version 12.00
# Visual Studio 15
VisualStudioVersion = 15.0.28010.2048
MinimumVisualStudioVersion = 10.0.40219.1
Project("{9092AA53-FB77-4645-B42D-1CCCA6BD08BD}") = "FromExistingCode1", "FromExistingCode1.njsproj", "{1DE73E46-D900-4355-9E93-558FE6644A8E}"
EndProject
Global
	GlobalSection(SolutionConfigurationPlatforms) = preSolution
		Debug|Any CPU = Debug|Any CPU
		Release|Any CPU = Release|Any CPU
	EndGlobalSection
	GlobalSection(ProjectConfigurationPlatforms) = postSolution
		{1DE73E46-D900-4355-9E93-558FE6644A8E}.Debug|Any CPU.ActiveCfg = Debug|Any CPU
		{1DE73E46-D900-4355-9E93-558FE6644A8E}.Debug|Any CPU.Build.0 = Debug|Any CPU
		{1DE73E46-D900-4355-9E93-558FE6644A8E}.Release|Any CPU.ActiveCfg = Release|Any CPU
		{1DE73E46-D900-4355-9E93-558FE6644A8E}.Release|Any CPU.Build.0 = Release|Any CPU
	EndGlobalSection
	GlobalSection(SolutionProperties) = preSolution
		HideSolutionNode = FALSE
	EndGlobalSection
	GlobalSection(ExtensibilityGlobals) = postSolution
		SolutionGuid = {26DE2FA2-DDB1-45C7-8AFC-9894C74F3F9C}
	EndGlobalSection
EndGlobal
