{
  "name": "projekt3",
  "version": "1.0.0",
  "lockfileVersion": 1,
  "requires": true,
  "dependencies": {
    "cenzura": {
      "version": "file:../cenzura/cenzura-0.0.1.tgz",
      "integrity": "sha512-8It3EDCLdhSua7PHFbO7Yw/zSXbWT5JM0MU1U1qXmTRjqW/j4vpilmy8IW3VOVdZtPpcOoMEsXN9jFrqN8DYeg=="
    },
    "miejsca_zerowe": {
      "version": "file:../miejsca_zerowe/miejsca_zerowe-1.0.0.tgz",
      "integrity": "sha512-f8ilVRLMbIK92coqAfB2jw+cILkfFVZJuOjuEHTucluBPChI7Tsfx4FTQAZnyUKgxVHqhbrkcP5/7Lu2QLi1ew=="
    }
  }
}
